# OmniLaTeX Reproducibility Lockfile
# Captures exact toolchain versions for deterministic builds.
# Update with: python3 build.py preflight (once implemented)
# Manual update: fill in values from your build environment.

[metadata]
generated = "2026-04-03"
generator = "manual"
project_version = "1.0.0"

[texlive]
# TeX Live release year and version
# Obtain: tex --version
release = "2024"
version_string = "TeX 3.141592653 (TeX Live 2024/nixos.org)"
# Minimum required version
minimum_release = "2024"

[latexmk]
# Obtain: latexmk --version
version = "4.86a"

[lua]
# LuaTeX engine version
# Obtain: lualatex --version
version = "1.18.0"
# Minimum required version for Lua API compatibility
minimum_version = "1.15"

[python]
version = "3.12"
# From tests/pyproject.toml or requirements
minimum_version = "3.10"

[python_packages]
# Obtain: pip list --format=freeze
pygments = "2.19.1"
pymupdf = "n/a"  # broken in nixpkgs; tests use pytest.importorskip
pytest = "8.3.5"
hypothesis = "n/a"

[docker]
image = "ghcr.io/wyattau/omnilatex-docker:latest"
# Pin by digest for reproducible CI builds.
# Obtain via: docker pull ghcr.io/wyattau/omnilatex-docker:latest
#             docker inspect --format='{{index .RepoDigests 0}}' IMAGE
# Then update .env.docker with the digest.
digest = "sha256:3e0c27240f5b0b02c3bc635628540de8f7adfd7b581165534f550432e634d9d5"

[nix]
# Nixpkgs commit hash from flake.lock
nixpkgs_commit = "ac62194c3917d5f474c1a844b6fd6da2db95077d"

[fonts]
# Fonts that ship with TeX Live (always available)
libertinus_serif = { available = true, source = "texlive" }
libertinus_sans = { available = true, source = "texlive" }
libertinus_math = { available = true, source = "texlive" }
fontawesome5 = { available = true, source = "texlive" }

# Fonts requiring manual installation
monaspace_neon = { available = false, source = "manual", url = "https://github.com/chriskapp/neon-monospace", fallback = "Latin Modern Mono" }
atkinson_hyperlegible_next = { available = false, source = "manual", url = "https://github.com/BrailleInstitute/Atkinson-Hyperlegible-Next-Font", fallback = "Libertinus Sans" }

[latex_packages]
# Critical packages with version requirements
# Obtain from .log file after a build: grep "Package: " build/examples/thesis/main.log
# This section should be populated after the first build in a new environment
